
Microsoft Visual Studio Solution File, Format Version 12.00
# Visual Studio 14
VisualStudioVersion = 14.0.25123.0
MinimumVisualStudioVersion = 10.0.40219.1
Project("{FAE04EC0-301F-11D3-BF4B-00C04F79EFBC}") = "ControllerExtensibility", "ControllerExtensibility\ControllerExtensibility.csproj", "{F75588F9-4239-4F57-B72D-FAFD5B956149}"
EndProject
Project("{FAE04EC0-301F-11D3-BF4B-00C04F79EFBC}") = "ControllerExtensibility.Tests", "ControllerExtensibility.Tests\ControllerExtensibility.Tests.csproj", "{5AC72C87-45C5-4D88-8ABD-073AD4A4F60A}"
EndProject
Global
	GlobalSection(SolutionConfigurationPlatforms) = preSolution
		Debug|Any CPU = Debug|Any CPU
		Release|Any CPU = Release|Any CPU
	EndGlobalSection
	GlobalSection(ProjectConfigurationPlatforms) = postSolution
		{F75588F9-4239-4F57-B72D-FAFD5B956149}.Debug|Any CPU.ActiveCfg = Debug|Any CPU
		{F75588F9-4239-4F57-B72D-FAFD5B956149}.Debug|Any CPU.Build.0 = Debug|Any CPU
		{F75588F9-4239-4F57-B72D-FAFD5B956149}.Release|Any CPU.ActiveCfg = Release|Any CPU
		{F75588F9-4239-4F57-B72D-FAFD5B956149}.Release|Any CPU.Build.0 = Release|Any CPU
		{5AC72C87-45C5-4D88-8ABD-073AD4A4F60A}.Debug|Any CPU.ActiveCfg = Debug|Any CPU
		{5AC72C87-45C5-4D88-8ABD-073AD4A4F60A}.Debug|Any CPU.Build.0 = Debug|Any CPU
		{5AC72C87-45C5-4D88-8ABD-073AD4A4F60A}.Release|Any CPU.ActiveCfg = Release|Any CPU
		{5AC72C87-45C5-4D88-8ABD-073AD4A4F60A}.Release|Any CPU.Build.0 = Release|Any CPU
	EndGlobalSection
	GlobalSection(SolutionProperties) = preSolution
		HideSolutionNode = FALSE
	EndGlobalSection
EndGlobal
